dependencies:
- name: api
  repository: file://charts/api
  version: 0.1.0
- name: kong
  repository: https://charts.konghq.com
  version: 2.37.0
- name: airflow
  repository: https://airflow-helm.github.io/charts
  version: 8.9.0
digest: sha256:d449751a8a89772fb189672c5f07fc99b5797d1c2ed945dd783852acefb802f2
generated: "2025-07-07T14:45:40.53436135-07:00"
